
Microsoft Visual Studio Solution File, Format Version 12.00
# Visual Studio Version 17
VisualStudioVersion = 17.5.33414.496
MinimumVisualStudioVersion = 10.0.40219.1
Project("{FAE04EC0-301F-11D3-BF4B-00C04F79EFBC}") = "AddressBookIO", "AddressBookIO.csproj", "{5E59B888-B256-4657-997A-9637579BED8F}"
EndProject
Global
	GlobalSection(SolutionConfigurationPlatforms) = preSolution
		Debug|Any CPU = Debug|Any CPU
		Release|Any CPU = Release|Any CPU
	EndGlobalSection
	GlobalSection(ProjectConfigurationPlatforms) = postSolution
		{5E59B888-B256-4657-997A-9637579BED8F}.Debug|Any CPU.ActiveCfg = Debug|Any CPU
		{5E59B888-B256-4657-997A-9637579BED8F}.Debug|Any CPU.Build.0 = Debug|Any CPU
		{5E59B888-B256-4657-997A-9637579BED8F}.Release|Any CPU.ActiveCfg = Release|Any CPU
		{5E59B888-B256-4657-997A-9637579BED8F}.Release|Any CPU.Build.0 = Release|Any CPU
	EndGlobalSection
	GlobalSection(SolutionProperties) = preSolution
		HideSolutionNode = FALSE
	EndGlobalSection
	GlobalSection(ExtensibilityGlobals) = postSolution
		SolutionGuid = {08B6D5B5-0B03-42CA-BA3B-F028B2762A81}
	EndGlobalSection
EndGlobal
